// !$*UTF8*$!
{
	archiveVersion = 1;
	classes = {
	};
	objectVersion = 55;
	objects = {

/* Begin PBXBuildFile section */
		B577F6552715E65200BAFAD5 /* AppDelegate.swift in Sources */ = {isa = PBXBuildFile; fileRef = B577F6542715E65200BAFAD5 /* AppDelegate.swift */; };
		B577F6572715E65200BAFAD5 /* SceneDelegate.swift in Sources */ = {isa = PBXBuildFile; fileRef = B577F6562715E65200BAFAD5 /* SceneDelegate.swift */; };
		B577F6592715E65200BAFAD5 /* DetailViewController.swift in Sources */ = {isa = PBXBuildFile; fileRef = B577F6582715E65200BAFAD5 /* DetailViewController.swift */; };
		B577F65C2715E65200BAFAD5 /* Main.storyboard in Resources */ = {isa = PBXBuildFile; fileRef = B577F65A2715E65200BAFAD5 /* Main.storyboard */; };
		B577F65E2715E65600BAFAD5 /* Assets.xcassets in Resources */ = {isa = PBXBuildFile; fileRef = B577F65D2715E65600BAFAD5 /* Assets.xcassets */; };
		B577F6612715E65600BAFAD5 /* LaunchScreen.storyboard in Resources */ = {isa = PBXBuildFile; fileRef = B577F65F2715E65600BAFAD5 /* LaunchScreen.storyboard */; };
		B577F6692715E6CA00BAFAD5 /* SearchListViewController.swift in Sources */ = {isa = PBXBuildFile; fileRef = B577F6682715E6CA00BAFAD5 /* SearchListViewController.swift */; };
		B577F66B2715EFFB00BAFAD5 /* Movies.swift in Sources */ = {isa = PBXBuildFile; fileRef = B577F66A2715EFFB00BAFAD5 /* Movies.swift */; };
		B577F66D2715F90D00BAFAD5 /* NetworkManager.swift in Sources */ = {isa = PBXBuildFile; fileRef = B577F66C2715F90D00BAFAD5 /* NetworkManager.swift */; };
		B577F66F2715FF6900BAFAD5 /* MovieCell.swift in Sources */ = {isa = PBXBuildFile; fileRef = B577F66E2715FF6900BAFAD5 /* MovieCell.swift */; };
		B577F6722717020700BAFAD5 /* MoviesListViewController.swift in Sources */ = {isa = PBXBuildFile; fileRef = B577F6712717020700BAFAD5 /* MoviesListViewController.swift */; };
		B577F67A271ACBE800BAFAD5 /* StorageManager.swift in Sources */ = {isa = PBXBuildFile; fileRef = B577F679271ACBE800BAFAD5 /* StorageManager.swift */; };
		B577F6A6271ADEB000BAFAD5 /* KinopoiskMoviesApp.xcdatamodeld in Sources */ = {isa = PBXBuildFile; fileRef = B577F6A4271ADEB000BAFAD5 /* KinopoiskMoviesApp.xcdatamodeld */; };
		B577F6A8271C71AA00BAFAD5 /* CoreDataMovieCell.swift in Sources */ = {isa = PBXBuildFile; fileRef = B577F6A7271C71A900BAFAD5 /* CoreDataMovieCell.swift */; };
		B5838B962721441D0081CA4F /* MovieImageView.swift in Sources */ = {isa = PBXBuildFile; fileRef = B5838B952721441D0081CA4F /* MovieImageView.swift */; };
/* End PBXBuildFile section */

/* Begin PBXFileReference section */
		B577F6512715E65200BAFAD5 /* KinopoiskMoviesApp.app */ = {isa = PBXFileReference; explicitFileType = wrapper.application; includeInIndex = 0; path = KinopoiskMoviesApp.app; sourceTree = BUILT_PRODUCTS_DIR; };
		B577F6542715E65200BAFAD5 /* AppDelegate.swift */ = {isa = PBXFileReference; lastKnownFileType = sourcecode.swift; path = AppDelegate.swift; sourceTree = "<group>"; };
		B577F6562715E65200BAFAD5 /* SceneDelegate.swift */ = {isa = PBXFileReference; lastKnownFileType = sourcecode.swift; path = SceneDelegate.swift; sourceTree = "<group>"; };
		B577F6582715E65200BAFAD5 /* DetailViewController.swift */ = {isa = PBXFileReference; lastKnownFileType = sourcecode.swift; path = DetailViewController.swift; sourceTree = "<group>"; };
		B577F65B2715E65200BAFAD5 /* Base */ = {isa = PBXFileReference; lastKnownFileType = file.storyboard; name = Base; path = Base.lproj/Main.storyboard; sourceTree = "<group>"; };
		B577F65D2715E65600BAFAD5 /* Assets.xcassets */ = {isa = PBXFileReference; lastKnownFileType = folder.assetcatalog; path = Assets.xcassets; sourceTree = "<group>"; };
		B577F6602715E65600BAFAD5 /* Base */ = {isa = PBXFileReference; lastKnownFileType = file.storyboard; name = Base; path = Base.lproj/LaunchScreen.storyboard; sourceTree = "<group>"; };
		B577F6622715E65600BAFAD5 /* Info.plist */ = {isa = PBXFileReference; lastKnownFileType = text.plist.xml; path = Info.plist; sourceTree = "<group>"; };
		B577F6682715E6CA00BAFAD5 /* SearchListViewController.swift */ = {isa = PBXFileReference; lastKnownFileType = sourcecode.swift; path = SearchListViewController.swift; sourceTree = "<group>"; };
		B577F66A2715EFFB00BAFAD5 /* Movies.swift */ = {isa = PBXFileReference; lastKnownFileType = sourcecode.swift; path = Movies.swift; sourceTree = "<group>"; };
		B577F66C2715F90D00BAFAD5 /* NetworkManager.swift */ = {isa = PBXFileReference; lastKnownFileType = sourcecode.swift; path = NetworkManager.swift; sourceTree = "<group>"; };
		B577F66E2715FF6900BAFAD5 /* MovieCell.swift */ = {isa = PBXFileReference; lastKnownFileType = sourcecode.swift; path = MovieCell.swift; sourceTree = "<group>"; };
		B577F6712717020700BAFAD5 /* MoviesListViewController.swift */ = {isa = PBXFileReference; lastKnownFileType = sourcecode.swift; path = MoviesListViewController.swift; sourceTree = "<group>"; };
		B577F679271ACBE800BAFAD5 /* StorageManager.swift */ = {isa = PBXFileReference; lastKnownFileType = sourcecode.swift; path = StorageManager.swift; sourceTree = "<group>"; };
		B577F6A5271ADEB000BAFAD5 /* KinopoiskMoviesApp.xcdatamodel */ = {isa = PBXFileReference; lastKnownFileType = wrapper.xcdatamodel; path = KinopoiskMoviesApp.xcdatamodel; sourceTree = "<group>"; };
		B577F6A7271C71A900BAFAD5 /* CoreDataMovieCell.swift */ = {isa = PBXFileReference; lastKnownFileType = sourcecode.swift; path = CoreDataMovieCell.swift; sourceTree = "<group>"; };
		B5838B952721441D0081CA4F /* MovieImageView.swift */ = {isa = PBXFileReference; lastKnownFileType = sourcecode.swift; path = MovieImageView.swift; sourceTree = "<group>"; };
/* End PBXFileReference section */

/* Begin PBXFrameworksBuildPhase section */
		B577F64E2715E65200BAFAD5 /* Frameworks */ = {
			isa = PBXFrameworksBuildPhase;
			buildActionMask = 2147483647;
			files = (
			);
			runOnlyForDeploymentPostprocessing = 0;
		};
/* End PBXFrameworksBuildPhase section */

/* Begin PBXGroup section */
		B577F6482715E65200BAFAD5 = {
			isa = PBXGroup;
			children = (
				B577F6532715E65200BAFAD5 /* KinopoiskMoviesApp */,
				B577F6522715E65200BAFAD5 /* Products */,
			);
			sourceTree = "<group>";
		};
		B577F6522715E65200BAFAD5 /* Products */ = {
			isa = PBXGroup;
			children = (
				B577F6512715E65200BAFAD5 /* KinopoiskMoviesApp.app */,
			);
			name = Products;
			sourceTree = "<group>";
		};
		B577F6532715E65200BAFAD5 /* KinopoiskMoviesApp */ = {
			isa = PBXGroup;
			children = (
				B577F6732717118D00BAFAD5 /* Models */,
				B577F676271711E900BAFAD5 /* Services */,
				B577F675271711C200BAFAD5 /* ViewControllers */,
				B577F677271711F800BAFAD5 /* Views */,
				B577F674271711A200BAFAD5 /* Storyboards */,
				B577F6782717121A00BAFAD5 /* Sourse */,
				B577F67E271ACECC00BAFAD5 /* CoreData */,
				B577F6702716FFE700BAFAD5 /* App */,
			);
			path = KinopoiskMoviesApp;
			sourceTree = "<group>";
		};
		B577F6702716FFE700BAFAD5 /* App */ = {
			isa = PBXGroup;
			children = (
				B577F6542715E65200BAFAD5 /* AppDelegate.swift */,
				B577F6562715E65200BAFAD5 /* SceneDelegate.swift */,
				B577F6622715E65600BAFAD5 /* Info.plist */,
			);
			path = App;
			sourceTree = "<group>";
		};
		B577F6732717118D00BAFAD5 /* Models */ = {
			isa = PBXGroup;
			children = (
				B577F66A2715EFFB00BAFAD5 /* Movies.swift */,
			);
			path = Models;
			sourceTree = "<group>";
		};
		B577F674271711A200BAFAD5 /* Storyboards */ = {
			isa = PBXGroup;
			children = (
				B577F65A2715E65200BAFAD5 /* Main.storyboard */,
				B577F65F2715E65600BAFAD5 /* LaunchScreen.storyboard */,
			);
			path = Storyboards;
			sourceTree = "<group>";
		};
		B577F675271711C200BAFAD5 /* ViewControllers */ = {
			isa = PBXGroup;
			children = (
				B577F6682715E6CA00BAFAD5 /* SearchListViewController.swift */,
				B577F6582715E65200BAFAD5 /* DetailViewController.swift */,
				B577F6712717020700BAFAD5 /* MoviesListViewController.swift */,
			);
			path = ViewControllers;
			sourceTree = "<group>";
		};
		B577F676271711E900BAFAD5 /* Services */ = {
			isa = PBXGroup;
			children = (
				B577F66C2715F90D00BAFAD5 /* NetworkManager.swift */,
				B577F679271ACBE800BAFAD5 /* StorageManager.swift */,
			);
			path = Services;
			sourceTree = "<group>";
		};
		B577F677271711F800BAFAD5 /* Views */ = {
			isa = PBXGroup;
			children = (
				B577F66E2715FF6900BAFAD5 /* MovieCell.swift */,
				B577F6A7271C71A900BAFAD5 /* CoreDataMovieCell.swift */,
				B5838B952721441D0081CA4F /* MovieImageView.swift */,
			);
			path = Views;
			sourceTree = "<group>";
		};
		B577F6782717121A00BAFAD5 /* Sourse */ = {
			isa = PBXGroup;
			children = (
				B577F65D2715E65600BAFAD5 /* Assets.xcassets */,
			);
			path = Sourse;
			sourceTree = "<group>";
		};
		B577F67E271ACECC00BAFAD5 /* CoreData */ = {
			isa = PBXGroup;
			children = (
				B577F6A4271ADEB000BAFAD5 /* KinopoiskMoviesApp.xcdatamodeld */,
			);
			path = CoreData;
			sourceTree = "<group>";
		};
/* End PBXGroup section */

/* Begin PBXNativeTarget section */
		B577F6502715E65200BAFAD5 /* KinopoiskMoviesApp */ = {
			isa = PBXNativeTarget;
			buildConfigurationList = B577F6652715E65600BAFAD5 /* Build configuration list for PBXNativeTarget "KinopoiskMoviesApp" */;
			buildPhases = (
				B577F64D2715E65200BAFAD5 /* Sources */,
				B577F64E2715E65200BAFAD5 /* Frameworks */,
				B577F64F2715E65200BAFAD5 /* Resources */,
			);
			buildRules = (
			);
			dependencies = (
			);
			name = KinopoiskMoviesApp;
			productName = AmazonProduct;
			productReference = B577F6512715E65200BAFAD5 /* KinopoiskMoviesApp.app */;
			productType = "com.apple.product-type.application";
		};
/* End PBXNativeTarget section */

/* Begin PBXProject section */
		B577F6492715E65200BAFAD5 /* Project object */ = {
			isa = PBXProject;
			attributes = {
				BuildIndependentTargetsInParallel = 1;
				LastSwiftUpdateCheck = 1300;
				LastUpgradeCheck = 1300;
				TargetAttributes = {
					B577F6502715E65200BAFAD5 = {
						CreatedOnToolsVersion = 13.0;
					};
				};
			};
			buildConfigurationList = B577F64C2715E65200BAFAD5 /* Build configuration list for PBXProject "KinopoiskMoviesApp" */;
			compatibilityVersion = "Xcode 13.0";
			developmentRegion = en;
			hasScannedForEncodings = 0;
			knownRegions = (
				en,
				Base,
			);
			mainGroup = B577F6482715E65200BAFAD5;
			productRefGroup = B577F6522715E65200BAFAD5 /* Products */;
			projectDirPath = "";
			projectRoot = "";
			targets = (
				B577F6502715E65200BAFAD5 /* KinopoiskMoviesApp */,
			);
		};
/* End PBXProject section */

/* Begin PBXResourcesBuildPhase section */
		B577F64F2715E65200BAFAD5 /* Resources */ = {
			isa = PBXResourcesBuildPhase;
			buildActionMask = 2147483647;
			files = (
				B577F6612715E65600BAFAD5 /* LaunchScreen.storyboard in Resources */,
				B577F65E2715E65600BAFAD5 /* Assets.xcassets in Resources */,
				B577F65C2715E65200BAFAD5 /* Main.storyboard in Resources */,
			);
			runOnlyForDeploymentPostprocessing = 0;
		};
/* End PBXResourcesBuildPhase section */

/* Begin PBXSourcesBuildPhase section */
		B577F64D2715E65200BAFAD5 /* Sources */ = {
			isa = PBXSourcesBuildPhase;
			buildActionMask = 2147483647;
			files = (
				B577F6A8271C71AA00BAFAD5 /* CoreDataMovieCell.swift in Sources */,
				B577F6A6271ADEB000BAFAD5 /* KinopoiskMoviesApp.xcdatamodeld in Sources */,
				B577F6592715E65200BAFAD5 /* DetailViewController.swift in Sources */,
				B577F6552715E65200BAFAD5 /* AppDelegate.swift in Sources */,
				B577F66B2715EFFB00BAFAD5 /* Movies.swift in Sources */,
				B5838B962721441D0081CA4F /* MovieImageView.swift in Sources */,
				B577F67A271ACBE800BAFAD5 /* StorageManager.swift in Sources */,
				B577F66D2715F90D00BAFAD5 /* NetworkManager.swift in Sources */,
				B577F6692715E6CA00BAFAD5 /* SearchListViewController.swift in Sources */,
				B577F66F2715FF6900BAFAD5 /* MovieCell.swift in Sources */,
				B577F6572715E65200BAFAD5 /* SceneDelegate.swift in Sources */,
				B577F6722717020700BAFAD5 /* MoviesListViewController.swift in Sources */,
			);
			runOnlyForDeploymentPostprocessing = 0;
		};
/* End PBXSourcesBuildPhase section */

/* Begin PBXVariantGroup section */
		B577F65A2715E65200BAFAD5 /* Main.storyboard */ = {
			isa = PBXVariantGroup;
			children = (
				B577F65B2715E65200BAFAD5 /* Base */,
			);
			name = Main.storyboard;
			sourceTree = "<group>";
		};
		B577F65F2715E65600BAFAD5 /* LaunchScreen.storyboard */ = {
			isa = PBXVariantGroup;
			children = (
				B577F6602715E65600BAFAD5 /* Base */,
			);
			name = LaunchScreen.storyboard;
			sourceTree = "<group>";
		};
/* End PBXVariantGroup section */

/* Begin XCBuildConfiguration section */
		B577F6632715E65600BAFAD5 /* Debug */ = {
			isa = XCBuildConfiguration;
			buildSettings = {
				ALWAYS_SEARCH_USER_PATHS = NO;
				CLANG_ANALYZER_NONNULL = YES;
				CLANG_ANALYZER_NUMBER_OBJECT_CONVERSION = YES_AGGRESSIVE;
				CLANG_CXX_LANGUAGE_STANDARD = "gnu++17";
				CLANG_CXX_LIBRARY = "libc++";
				CLANG_ENABLE_MODULES = YES;
				CLANG_ENABLE_OBJC_ARC = YES;
				CLANG_ENABLE_OBJC_WEAK = YES;
				CLANG_WARN_BLOCK_CAPTURE_AUTORELEASING = YES;
				CLANG_WARN_BOOL_CONVERSION = YES;
				CLANG_WARN_COMMA = YES;
				CLANG_WARN_CONSTANT_CONVERSION = YES;
				CLANG_WARN_DEPRECATED_OBJC_IMPLEMENTATIONS = YES;
				CLANG_WARN_DIRECT_OBJC_ISA_USAGE = YES_ERROR;
				CLANG_WARN_DOCUMENTATION_COMMENTS = YES;
				CLANG_WARN_EMPTY_BODY = YES;
				CLANG_WARN_ENUM_CONVERSION = YES;
				CLANG_WARN_INFINITE_RECURSION = YES;
				CLANG_WARN_INT_CONVERSION = YES;
				CLANG_WARN_NON_LITERAL_NULL_CONVERSION = YES;
				CLANG_WARN_OBJC_IMPLICIT_RETAIN_SELF = YES;
				CLANG_WARN_OBJC_LITERAL_CONVERSION = YES;
				CLANG_WARN_OBJC_ROOT_CLASS = YES_ERROR;
				CLANG_WARN_QUOTED_INCLUDE_IN_FRAMEWORK_HEADER = YES;
				CLANG_WARN_RANGE_LOOP_ANALYSIS = YES;
				CLANG_WARN_STRICT_PROTOTYPES = YES;
				CLANG_WARN_SUSPICIOUS_MOVE = YES;
				CLANG_WARN_UNGUARDED_AVAILABILITY = YES_AGGRESSIVE;
				CLANG_WARN_UNREACHABLE_CODE = YES;
				CLANG_WARN__DUPLICATE_METHOD_MATCH = YES;
				COPY_PHASE_STRIP = NO;
				DEBUG_INFORMATION_FORMAT = dwarf;
				ENABLE_STRICT_OBJC_MSGSEND = YES;
				ENABLE_TESTABILITY = YES;
				GCC_C_LANGUAGE_STANDARD = gnu11;
				GCC_DYNAMIC_NO_PIC = NO;
				GCC_NO_COMMON_BLOCKS = YES;
				GCC_OPTIMIZATION_LEVEL = 0;
				GCC_PREPROCESSOR_DEFINITIONS = (
					"DEBUG=1",
					"$(inherited)",
				);
				GCC_WARN_64_TO_32_BIT_CONVERSION = YES;
				GCC_WARN_ABOUT_RETURN_TYPE = YES_ERROR;
				GCC_WARN_UNDECLARED_SELECTOR = YES;
				GCC_WARN_UNINITIALIZED_AUTOS = YES_AGGRESSIVE;
				GCC_WARN_UNUSED_FUNCTION = YES;
				GCC_WARN_UNUSED_VARIABLE = YES;
				IPHONEOS_DEPLOYMENT_TARGET = 15.0;
				MTL_ENABLE_DEBUG_INFO = INCLUDE_SOURCE;
				MTL_FAST_MATH = YES;
				ONLY_ACTIVE_ARCH = YES;
				SDKROOT = iphoneos;
				SWIFT_ACTIVE_COMPILATION_CONDITIONS = DEBUG;
				SWIFT_OPTIMIZATION_LEVEL = "-Onone";
			};
			name = Debug;
		};
		B577F6642715E65600BAFAD5 /* Release */ = {
			isa = XCBuildConfiguration;
			buildSettings = {
				ALWAYS_SEARCH_USER_PATHS = NO;
				CLANG_ANALYZER_NONNULL = YES;
				CLANG_ANALYZER_NUMBER_OBJECT_CONVERSION = YES_AGGRESSIVE;
				CLANG_CXX_LANGUAGE_STANDARD = "gnu++17";
				CLANG_CXX_LIBRARY = "libc++";
				CLANG_ENABLE_MODULES = YES;
				CLANG_ENABLE_OBJC_ARC = YES;
				CLANG_ENABLE_OBJC_WEAK = YES;
				CLANG_WARN_BLOCK_CAPTURE_AUTORELEASING = YES;
				CLANG_WARN_BOOL_CONVERSION = YES;
				CLANG_WARN_COMMA = YES;
				CLANG_WARN_CONSTANT_CONVERSION = YES;
				CLANG_WARN_DEPRECATED_OBJC_IMPLEMENTATIONS = YES;
				CLANG_WARN_DIRECT_OBJC_ISA_USAGE = YES_ERROR;
				CLANG_WARN_DOCUMENTATION_COMMENTS = YES;
				CLANG_WARN_EMPTY_BODY = YES;
				CLANG_WARN_ENUM_CONVERSION = YES;
				CLANG_WARN_INFINITE_RECURSION = YES;
				CLANG_WARN_INT_CONVERSION = YES;
				CLANG_WARN_NON_LITERAL_NULL_CONVERSION = YES;
				CLANG_WARN_OBJC_IMPLICIT_RETAIN_SELF = YES;
				CLANG_WARN_OBJC_LITERAL_CONVERSION = YES;
				CLANG_WARN_OBJC_ROOT_CLASS = YES_ERROR;
				CLANG_WARN_QUOTED_INCLUDE_IN_FRAMEWORK_HEADER = YES;
				CLANG_WARN_RANGE_LOOP_ANALYSIS = YES;
				CLANG_WARN_STRICT_PROTOTYPES = YES;
				CLANG_WARN_SUSPICIOUS_MOVE = YES;
				CLANG_WARN_UNGUARDED_AVAILABILITY = YES_AGGRESSIVE;
				CLANG_WARN_UNREACHABLE_CODE = YES;
				CLANG_WARN__DUPLICATE_METHOD_MATCH = YES;
				COPY_PHASE_STRIP = NO;
				DEBUG_INFORMATION_FORMAT = "dwarf-with-dsym";
				ENABLE_NS_ASSERTIONS = NO;
				ENABLE_STRICT_OBJC_MSGSEND = YES;
				GCC_C_LANGUAGE_STANDARD = gnu11;
				GCC_NO_COMMON_BLOCKS = YES;
				GCC_WARN_64_TO_32_BIT_CONVERSION = YES;
				GCC_WARN_ABOUT_RETURN_TYPE = YES_ERROR;
				GCC_WARN_UNDECLARED_SELECTOR = YES;
				GCC_WARN_UNINITIALIZED_AUTOS = YES_AGGRESSIVE;
				GCC_WARN_UNUSED_FUNCTION = YES;
				GCC_WARN_UNUSED_VARIABLE = YES;
				IPHONEOS_DEPLOYMENT_TARGET = 15.0;
				MTL_ENABLE_DEBUG_INFO = NO;
				MTL_FAST_MATH = YES;
				SDKROOT = iphoneos;
				SWIFT_COMPILATION_MODE = wholemodule;
				SWIFT_OPTIMIZATION_LEVEL = "-O";
				VALIDATE_PRODUCT = YES;
			};
			name = Release;
		};
		B577F6662715E65600BAFAD5 /* Debug */ = {
			isa = XCBuildConfiguration;
			buildSettings = {
				ASSETCATALOG_COMPILER_APPICON_NAME = AppIcon;
				ASSETCATALOG_COMPILER_GLOBAL_ACCENT_COLOR_NAME = AccentColor;
				CODE_SIGN_STYLE = Automatic;
				CURRENT_PROJECT_VERSION = 1;
				DEVELOPMENT_TEAM = ANDCT3J259;
				GENERATE_INFOPLIST_FILE = YES;
				INFOPLIST_FILE = KinopoiskMoviesApp/App/Info.plist;
				INFOPLIST_KEY_UIApplicationSupportsIndirectInputEvents = YES;
				INFOPLIST_KEY_UILaunchStoryboardName = LaunchScreen;
				INFOPLIST_KEY_UIMainStoryboardFile = Main;
				INFOPLIST_KEY_UISupportedInterfaceOrientations_iPad = "UIInterfaceOrientationPortrait UIInterfaceOrientationPortraitUpsideDown UIInterfaceOrientationLandscapeLeft UIInterfaceOrientationLandscapeRight";
				INFOPLIST_KEY_UISupportedInterfaceOrientations_iPhone = "UIInterfaceOrientationPortrait UIInterfaceOrientationLandscapeLeft UIInterfaceOrientationLandscapeRight";
				LD_RUNPATH_SEARCH_PATHS = (
					"$(inherited)",
					"@executable_path/Frameworks",
				);
				MARKETING_VERSION = 1.0;
				PRODUCT_BUNDLE_IDENTIFIER = AlexandrMeyer.KinopoiskMoviesApp;
				PRODUCT_NAME = "$(TARGET_NAME)";
				SWIFT_EMIT_LOC_STRINGS = YES;
				SWIFT_VERSION = 5.0;
				TARGETED_DEVICE_FAMILY = "1,2";
			};
			name = Debug;
		};
		B577F6672715E65600BAFAD5 /* Release */ = {
			isa = XCBuildConfiguration;
			buildSettings = {
				ASSETCATALOG_COMPILER_APPICON_NAME = AppIcon;
				ASSETCATALOG_COMPILER_GLOBAL_ACCENT_COLOR_NAME = AccentColor;
				CODE_SIGN_STYLE = Automatic;
				CURRENT_PROJECT_VERSION = 1;
				DEVELOPMENT_TEAM = ANDCT3J259;
				GENERATE_INFOPLIST_FILE = YES;
				INFOPLIST_FILE = KinopoiskMoviesApp/App/Info.plist;
				INFOPLIST_KEY_UIApplicationSupportsIndirectInputEvents = YES;
				INFOPLIST_KEY_UILaunchStoryboardName = LaunchScreen;
				INFOPLIST_KEY_UIMainStoryboardFile = Main;
				INFOPLIST_KEY_UISupportedInterfaceOrientations_iPad = "UIInterfaceOrientationPortrait UIInterfaceOrientationPortraitUpsideDown UIInterfaceOrientationLandscapeLeft UIInterfaceOrientationLandscapeRight";
				INFOPLIST_KEY_UISupportedInterfaceOrientations_iPhone = "UIInterfaceOrientationPortrait UIInterfaceOrientationLandscapeLeft UIInterfaceOrientationLandscapeRight";
				LD_RUNPATH_SEARCH_PATHS = (
					"$(inherited)",
					"@executable_path/Frameworks",
				);
				MARKETING_VERSION = 1.0;
				PRODUCT_BUNDLE_IDENTIFIER = AlexandrMeyer.KinopoiskMoviesApp;
				PRODUCT_NAME = "$(TARGET_NAME)";
				SWIFT_EMIT_LOC_STRINGS = YES;
				SWIFT_VERSION = 5.0;
				TARGETED_DEVICE_FAMILY = "1,2";
			};
			name = Release;
		};
/* End XCBuildConfiguration section */

/* Begin XCConfigurationList section */
		B577F64C2715E65200BAFAD5 /* Build configuration list for PBXProject "KinopoiskMoviesApp" */ = {
			isa = XCConfigurationList;
			buildConfigurations = (
				B577F6632715E65600BAFAD5 /* Debug */,
				B577F6642715E65600BAFAD5 /* Release */,
			);
			defaultConfigurationIsVisible = 0;
			defaultConfigurationName = Release;
		};
		B577F6652715E65600BAFAD5 /* Build configuration list for PBXNativeTarget "KinopoiskMoviesApp" */ = {
			isa = XCConfigurationList;
			buildConfigurations = (
				B577F6662715E65600BAFAD5 /* Debug */,
				B577F6672715E65600BAFAD5 /* Release */,
			);
			defaultConfigurationIsVisible = 0;
			defaultConfigurationName = Release;
		};
/* End XCConfigurationList section */

/* Begin XCVersionGroup section */
		B577F6A4271ADEB000BAFAD5 /* KinopoiskMoviesApp.xcdatamodeld */ = {
			isa = XCVersionGroup;
			children = (
				B577F6A5271ADEB000BAFAD5 /* KinopoiskMoviesApp.xcdatamodel */,
			);
			currentVersion = B577F6A5271ADEB000BAFAD5 /* KinopoiskMoviesApp.xcdatamodel */;
			path = KinopoiskMoviesApp.xcdatamodeld;
			sourceTree = "<group>";
			versionGroupType = wrapper.xcdatamodel;
		};
/* End XCVersionGroup section */
	};
	rootObject = B577F6492715E65200BAFAD5 /* Project object */;
}
